
Microsoft Visual Studio Solution File, Format Version 12.00
# Visual Studio 15
VisualStudioVersion = 15.0.26730.16
MinimumVisualStudioVersion = 10.0.40219.1
Project("{FAE04EC0-301F-11D3-BF4B-00C04F79EFBC}") = "z.Cipher", "z.Cipher.csproj", "{A9B89109-8612-469F-B406-B6940B959476}"
EndProject
Global
	GlobalSection(SolutionConfigurationPlatforms) = preSolution
		Debug|Any CPU = Debug|Any CPU
		Release|Any CPU = Release|Any CPU
	EndGlobalSection
	GlobalSection(ProjectConfigurationPlatforms) = postSolution
		{A9B89109-8612-469F-B406-B6940B959476}.Debug|Any CPU.ActiveCfg = Debug|Any CPU
		{A9B89109-8612-469F-B406-B6940B959476}.Debug|Any CPU.Build.0 = Debug|Any CPU
		{A9B89109-8612-469F-B406-B6940B959476}.Release|Any CPU.ActiveCfg = Release|Any CPU
		{A9B89109-8612-469F-B406-B6940B959476}.Release|Any CPU.Build.0 = Release|Any CPU
	EndGlobalSection
	GlobalSection(SolutionProperties) = preSolution
		HideSolutionNode = FALSE
	EndGlobalSection
	GlobalSection(ExtensibilityGlobals) = postSolution
		SolutionGuid = {F0FD3B35-745C-48B3-8E78-D78315019803}
	EndGlobalSection
EndGlobal
